// !$*UTF8*$!
{
	archiveVersion = 1;
	classes = {
	};
	objectVersion = 46;
	objects = {

/* Begin PBXBuildFile section */
		8F02A2041B5ADF310036CE27 /* AppDelegate.swift in Sources */ = {isa = PBXBuildFile; fileRef = 8F02A2031B5ADF310036CE27 /* AppDelegate.swift */; };
		8F02A2061B5ADF310036CE27 /* ViewController.swift in Sources */ = {isa = PBXBuildFile; fileRef = 8F02A2051B5ADF310036CE27 /* ViewController.swift */; };
		8F02A2091B5ADF310036CE27 /* Main.storyboard in Resources */ = {isa = PBXBuildFile; fileRef = 8F02A2071B5ADF310036CE27 /* Main.storyboard */; };
		8F02A20B1B5ADF310036CE27 /* Images.xcassets in Resources */ = {isa = PBXBuildFile; fileRef = 8F02A20A1B5ADF310036CE27 /* Images.xcassets */; };
		8F02A20E1B5ADF310036CE27 /* LaunchScreen.xib in Resources */ = {isa = PBXBuildFile; fileRef = 8F02A20C1B5ADF310036CE27 /* LaunchScreen.xib */; };
		8F02A21A1B5ADF310036CE27 /* _minShowerTests.swift in Sources */ = {isa = PBXBuildFile; fileRef = 8F02A2191B5ADF310036CE27 /* _minShowerTests.swift */; };
		CB7094891B5B5EA900C6165D /* TimerController.swift in Sources */ = {isa = PBXBuildFile; fileRef = CB7094881B5B5EA900C6165D /* TimerController.swift */; };
/* End PBXBuildFile section */

/* Begin PBXContainerItemProxy section */
		8F02A2141B5ADF310036CE27 /* PBXContainerItemProxy */ = {
			isa = PBXContainerItemProxy;
			containerPortal = 8F02A1F61B5ADF310036CE27 /* Project object */;
			proxyType = 1;
			remoteGlobalIDString = 8F02A1FD1B5ADF310036CE27;
			remoteInfo = 5minShower;
		};
/* End PBXContainerItemProxy section */

/* Begin PBXFileReference section */
		8F02A1FE1B5ADF310036CE27 /* 5minShower.app */ = {isa = PBXFileReference; explicitFileType = wrapper.application; includeInIndex = 0; path = 5minShower.app; sourceTree = BUILT_PRODUCTS_DIR; };
		8F02A2021B5ADF310036CE27 /* Info.plist */ = {isa = PBXFileReference; lastKnownFileType = text.plist.xml; path = Info.plist; sourceTree = "<group>"; };
		8F02A2031B5ADF310036CE27 /* AppDelegate.swift */ = {isa = PBXFileReference; lastKnownFileType = sourcecode.swift; path = AppDelegate.swift; sourceTree = "<group>"; };
		8F02A2051B5ADF310036CE27 /* ViewController.swift */ = {isa = PBXFileReference; lastKnownFileType = sourcecode.swift; path = ViewController.swift; sourceTree = "<group>"; };
		8F02A2081B5ADF310036CE27 /* Base */ = {isa = PBXFileReference; lastKnownFileType = file.storyboard; name = Base; path = Base.lproj/Main.storyboard; sourceTree = "<group>"; };
		8F02A20A1B5ADF310036CE27 /* Images.xcassets */ = {isa = PBXFileReference; lastKnownFileType = folder.assetcatalog; path = Images.xcassets; sourceTree = "<group>"; };
		8F02A20D1B5ADF310036CE27 /* Base */ = {isa = PBXFileReference; lastKnownFileType = file.xib; name = Base; path = Base.lproj/LaunchScreen.xib; sourceTree = "<group>"; };
		8F02A2131B5ADF310036CE27 /* 5minShowerTests.xctest */ = {isa = PBXFileReference; explicitFileType = wrapper.cfbundle; includeInIndex = 0; path = 5minShowerTests.xctest; sourceTree = BUILT_PRODUCTS_DIR; };
		8F02A2181B5ADF310036CE27 /* Info.plist */ = {isa = PBXFileReference; lastKnownFileType = text.plist.xml; path = Info.plist; sourceTree = "<group>"; };
		8F02A2191B5ADF310036CE27 /* _minShowerTests.swift */ = {isa = PBXFileReference; lastKnownFileType = sourcecode.swift; path = _minShowerTests.swift; sourceTree = "<group>"; };
		CB7094881B5B5EA900C6165D /* TimerController.swift */ = {isa = PBXFileReference; fileEncoding = 4; lastKnownFileType = sourcecode.swift; path = TimerController.swift; sourceTree = "<group>"; };
/* End PBXFileReference section */

/* Begin PBXFrameworksBuildPhase section */
		8F02A1FB1B5ADF310036CE27 /* Frameworks */ = {
			isa = PBXFrameworksBuildPhase;
			buildActionMask = 2147483647;
			files = (
			);
			runOnlyForDeploymentPostprocessing = 0;
		};
		8F02A2101B5ADF310036CE27 /* Frameworks */ = {
			isa = PBXFrameworksBuildPhase;
			buildActionMask = 2147483647;
			files = (
			);
			runOnlyForDeploymentPostprocessing = 0;
		};
/* End PBXFrameworksBuildPhase section */

/* Begin PBXGroup section */
		8F02A1F51B5ADF310036CE27 = {
			isa = PBXGroup;
			children = (
				8F02A2001B5ADF310036CE27 /* 5minShower */,
				8F02A2161B5ADF310036CE27 /* 5minShowerTests */,
				8F02A1FF1B5ADF310036CE27 /* Products */,
			);
			sourceTree = "<group>";
		};
		8F02A1FF1B5ADF310036CE27 /* Products */ = {
			isa = PBXGroup;
			children = (
				8F02A1FE1B5ADF310036CE27 /* 5minShower.app */,
				8F02A2131B5ADF310036CE27 /* 5minShowerTests.xctest */,
			);
			name = Products;
			sourceTree = "<group>";
		};
		8F02A2001B5ADF310036CE27 /* 5minShower */ = {
			isa = PBXGroup;
			children = (
				8F02A2031B5ADF310036CE27 /* AppDelegate.swift */,
				8F02A2051B5ADF310036CE27 /* ViewController.swift */,
				CB7094881B5B5EA900C6165D /* TimerController.swift */,
				8F02A2071B5ADF310036CE27 /* Main.storyboard */,
				8F02A20A1B5ADF310036CE27 /* Images.xcassets */,
				8F02A20C1B5ADF310036CE27 /* LaunchScreen.xib */,
				8F02A2011B5ADF310036CE27 /* Supporting Files */,
			);
			path = 5minShower;
			sourceTree = "<group>";
		};
		8F02A2011B5ADF310036CE27 /* Supporting Files */ = {
			isa = PBXGroup;
			children = (
				8F02A2021B5ADF310036CE27 /* Info.plist */,
			);
			name = "Supporting Files";
			sourceTree = "<group>";
		};
		8F02A2161B5ADF310036CE27 /* 5minShowerTests */ = {
			isa = PBXGroup;
			children = (
				8F02A2191B5ADF310036CE27 /* _minShowerTests.swift */,
				8F02A2171B5ADF310036CE27 /* Supporting Files */,
			);
			path = 5minShowerTests;
			sourceTree = "<group>";
		};
		8F02A2171B5ADF310036CE27 /* Supporting Files */ = {
			isa = PBXGroup;
			children = (
				8F02A2181B5ADF310036CE27 /* Info.plist */,
			);
			name = "Supporting Files";
			sourceTree = "<group>";
		};
/* End PBXGroup section */

/* Begin PBXNativeTarget section */
		8F02A1FD1B5ADF310036CE27 /* 5minShower */ = {
			isa = PBXNativeTarget;
			buildConfigurationList = 8F02A21D1B5ADF310036CE27 /* Build configuration list for PBXNativeTarget "5minShower" */;
			buildPhases = (
				8F02A1FA1B5ADF310036CE27 /* Sources */,
				8F02A1FB1B5ADF310036CE27 /* Frameworks */,
				8F02A1FC1B5ADF310036CE27 /* Resources */,
			);
			buildRules = (
			);
			dependencies = (
			);
			name = 5minShower;
			productName = 5minShower;
			productReference = 8F02A1FE1B5ADF310036CE27 /* 5minShower.app */;
			productType = "com.apple.product-type.application";
		};
		8F02A2121B5ADF310036CE27 /* 5minShowerTests */ = {
			isa = PBXNativeTarget;
			buildConfigurationList = 8F02A2201B5ADF310036CE27 /* Build configuration list for PBXNativeTarget "5minShowerTests" */;
			buildPhases = (
				8F02A20F1B5ADF310036CE27 /* Sources */,
				8F02A2101B5ADF310036CE27 /* Frameworks */,
				8F02A2111B5ADF310036CE27 /* Resources */,
			);
			buildRules = (
			);
			dependencies = (
				8F02A2151B5ADF310036CE27 /* PBXTargetDependency */,
			);
			name = 5minShowerTests;
			productName = 5minShowerTests;
			productReference = 8F02A2131B5ADF310036CE27 /* 5minShowerTests.xctest */;
			productType = "com.apple.product-type.bundle.unit-test";
		};
/* End PBXNativeTarget section */

/* Begin PBXProject section */
		8F02A1F61B5ADF310036CE27 /* Project object */ = {
			isa = PBXProject;
			attributes = {
				LastUpgradeCheck = 0640;
				ORGANIZATIONNAME = 5minShower;
				TargetAttributes = {
					8F02A1FD1B5ADF310036CE27 = {
						CreatedOnToolsVersion = 6.4;
					};
					8F02A2121B5ADF310036CE27 = {
						CreatedOnToolsVersion = 6.4;
						TestTargetID = 8F02A1FD1B5ADF310036CE27;
					};
				};
			};
			buildConfigurationList = 8F02A1F91B5ADF310036CE27 /* Build configuration list for PBXProject "5minShower" */;
			compatibilityVersion = "Xcode 3.2";
			developmentRegion = English;
			hasScannedForEncodings = 0;
			knownRegions = (
				en,
				Base,
			);
			mainGroup = 8F02A1F51B5ADF310036CE27;
			productRefGroup = 8F02A1FF1B5ADF310036CE27 /* Products */;
			projectDirPath = "";
			projectRoot = "";
			targets = (
				8F02A1FD1B5ADF310036CE27 /* 5minShower */,
				8F02A2121B5ADF310036CE27 /* 5minShowerTests */,
			);
		};
/* End PBXProject section */

/* Begin PBXResourcesBuildPhase section */
		8F02A1FC1B5ADF310036CE27 /* Resources */ = {
			isa = PBXResourcesBuildPhase;
			buildActionMask = 2147483647;
			files = (
				8F02A2091B5ADF310036CE27 /* Main.storyboard in Resources */,
				8F02A20E1B5ADF310036CE27 /* LaunchScreen.xib in Resources */,
				8F02A20B1B5ADF310036CE27 /* Images.xcassets in Resources */,
			);
			runOnlyForDeploymentPostprocessing = 0;
		};
		8F02A2111B5ADF310036CE27 /* Resources */ = {
			isa = PBXResourcesBuildPhase;
			buildActionMask = 2147483647;
			files = (
			);
			runOnlyForDeploymentPostprocessing = 0;
		};
/* End PBXResourcesBuildPhase section */

/* Begin PBXSourcesBuildPhase section */
		8F02A1FA1B5ADF310036CE27 /* Sources */ = {
			isa = PBXSourcesBuildPhase;
			buildActionMask = 2147483647;
			files = (
				8F02A2061B5ADF310036CE27 /* ViewController.swift in Sources */,
				8F02A2041B5ADF310036CE27 /* AppDelegate.swift in Sources */,
				CB7094891B5B5EA900C6165D /* TimerController.swift in Sources */,
			);
			runOnlyForDeploymentPostprocessing = 0;
		};
		8F02A20F1B5ADF310036CE27 /* Sources */ = {
			isa = PBXSourcesBuildPhase;
			buildActionMask = 2147483647;
			files = (
				8F02A21A1B5ADF310036CE27 /* _minShowerTests.swift in Sources */,
			);
			runOnlyForDeploymentPostprocessing = 0;
		};
/* End PBXSourcesBuildPhase section */

/* Begin PBXTargetDependency section */
		8F02A2151B5ADF310036CE27 /* PBXTargetDependency */ = {
			isa = PBXTargetDependency;
			target = 8F02A1FD1B5ADF310036CE27 /* 5minShower */;
			targetProxy = 8F02A2141B5ADF310036CE27 /* PBXContainerItemProxy */;
		};
/* End PBXTargetDependency section */

/* Begin PBXVariantGroup section */
		8F02A2071B5ADF310036CE27 /* Main.storyboard */ = {
			isa = PBXVariantGroup;
			children = (
				8F02A2081B5ADF310036CE27 /* Base */,
			);
			name = Main.storyboard;
			sourceTree = "<group>";
		};
		8F02A20C1B5ADF310036CE27 /* LaunchScreen.xib */ = {
			isa = PBXVariantGroup;
			children = (
				8F02A20D1B5ADF310036CE27 /* Base */,
			);
			name = LaunchScreen.xib;
			sourceTree = "<group>";
		};
/* End PBXVariantGroup section */

/* Begin XCBuildConfiguration section */
		8F02A21B1B5ADF310036CE27 /* Debug */ = {
			isa = XCBuildConfiguration;
			buildSettings = {
				ALWAYS_SEARCH_USER_PATHS = NO;
				CLANG_CXX_LANGUAGE_STANDARD = "gnu++0x";
				CLANG_CXX_LIBRARY = "libc++";
				CLANG_ENABLE_MODULES = YES;
				CLANG_ENABLE_OBJC_ARC = YES;
				CLANG_WARN_BOOL_CONVERSION = YES;
				CLANG_WARN_CONSTANT_CONVERSION = YES;
				CLANG_WARN_DIRECT_OBJC_ISA_USAGE = YES_ERROR;
				CLANG_WARN_EMPTY_BODY = YES;
				CLANG_WARN_ENUM_CONVERSION = YES;
				CLANG_WARN_INT_CONVERSION = YES;
				CLANG_WARN_OBJC_ROOT_CLASS = YES_ERROR;
				CLANG_WARN_UNREACHABLE_CODE = YES;
				CLANG_WARN__DUPLICATE_METHOD_MATCH = YES;
				"CODE_SIGN_IDENTITY[sdk=iphoneos*]" = "iPhone Developer";
				COPY_PHASE_STRIP = NO;
				DEBUG_INFORMATION_FORMAT = "dwarf-with-dsym";
				ENABLE_STRICT_OBJC_MSGSEND = YES;
				GCC_C_LANGUAGE_STANDARD = gnu99;
				GCC_DYNAMIC_NO_PIC = NO;
				GCC_NO_COMMON_BLOCKS = YES;
				GCC_OPTIMIZATION_LEVEL = 0;
				GCC_PREPROCESSOR_DEFINITIONS = (
					"DEBUG=1",
					"$(inherited)",
				);
				GCC_SYMBOLS_PRIVATE_EXTERN = NO;
				GCC_WARN_64_TO_32_BIT_CONVERSION = YES;
				GCC_WARN_ABOUT_RETURN_TYPE = YES_ERROR;
				GCC_WARN_UNDECLARED_SELECTOR = YES;
				GCC_WARN_UNINITIALIZED_AUTOS = YES_AGGRESSIVE;
				GCC_WARN_UNUSED_FUNCTION = YES;
				GCC_WARN_UNUSED_VARIABLE = YES;
				IPHONEOS_DEPLOYMENT_TARGET = 8.4;
				MTL_ENABLE_DEBUG_INFO = YES;
				ONLY_ACTIVE_ARCH = YES;
				SDKROOT = iphoneos;
				SWIFT_OPTIMIZATION_LEVEL = "-Onone";
				TARGETED_DEVICE_FAMILY = "1,2";
			};
			name = Debug;
		};
		8F02A21C1B5ADF310036CE27 /* Release */ = {
			isa = XCBuildConfiguration;
			buildSettings = {
				ALWAYS_SEARCH_USER_PATHS = NO;
				CLANG_CXX_LANGUAGE_STANDARD = "gnu++0x";
				CLANG_CXX_LIBRARY = "libc++";
				CLANG_ENABLE_MODULES = YES;
				CLANG_ENABLE_OBJC_ARC = YES;
				CLANG_WARN_BOOL_CONVERSION = YES;
				CLANG_WARN_CONSTANT_CONVERSION = YES;
				CLANG_WARN_DIRECT_OBJC_ISA_USAGE = YES_ERROR;
				CLANG_WARN_EMPTY_BODY = YES;
				CLANG_WARN_ENUM_CONVERSION = YES;
				CLANG_WARN_INT_CONVERSION = YES;
				CLANG_WARN_OBJC_ROOT_CLASS = YES_ERROR;
				CLANG_WARN_UNREACHABLE_CODE = YES;
				CLANG_WARN__DUPLICATE_METHOD_MATCH = YES;
				"CODE_SIGN_IDENTITY[sdk=iphoneos*]" = "iPhone Developer";
				COPY_PHASE_STRIP = NO;
				DEBUG_INFORMATION_FORMAT = "dwarf-with-dsym";
				ENABLE_NS_ASSERTIONS = NO;
				ENABLE_STRICT_OBJC_MSGSEND = YES;
				GCC_C_LANGUAGE_STANDARD = gnu99;
				GCC_NO_COMMON_BLOCKS = YES;
				GCC_WARN_64_TO_32_BIT_CONVERSION = YES;
				GCC_WARN_ABOUT_RETURN_TYPE = YES_ERROR;
				GCC_WARN_UNDECLARED_SELECTOR = YES;
				GCC_WARN_UNINITIALIZED_AUTOS = YES_AGGRESSIVE;
				GCC_WARN_UNUSED_FUNCTION = YES;
				GCC_WARN_UNUSED_VARIABLE = YES;
				IPHONEOS_DEPLOYMENT_TARGET = 8.4;
				MTL_ENABLE_DEBUG_INFO = NO;
				SDKROOT = iphoneos;
				TARGETED_DEVICE_FAMILY = "1,2";
				VALIDATE_PRODUCT = YES;
			};
			name = Release;
		};
		8F02A21E1B5ADF310036CE27 /* Debug */ = {
			isa = XCBuildConfiguration;
			buildSettings = {
				ASSETCATALOG_COMPILER_APPICON_NAME = AppIcon;
				INFOPLIST_FILE = 5minShower/Info.plist;
				LD_RUNPATH_SEARCH_PATHS = "$(inherited) @executable_path/Frameworks";
				PRODUCT_NAME = "$(TARGET_NAME)";
				TARGETED_DEVICE_FAMILY = "1,2";
			};
			name = Debug;
		};
		8F02A21F1B5ADF310036CE27 /* Release */ = {
			isa = XCBuildConfiguration;
			buildSettings = {
				ASSETCATALOG_COMPILER_APPICON_NAME = AppIcon;
				INFOPLIST_FILE = 5minShower/Info.plist;
				LD_RUNPATH_SEARCH_PATHS = "$(inherited) @executable_path/Frameworks";
				PRODUCT_NAME = "$(TARGET_NAME)";
				TARGETED_DEVICE_FAMILY = "1,2";
			};
			name = Release;
		};
		8F02A2211B5ADF310036CE27 /* Debug */ = {
			isa = XCBuildConfiguration;
			buildSettings = {
				BUNDLE_LOADER = "$(TEST_HOST)";
				FRAMEWORK_SEARCH_PATHS = (
					"$(SDKROOT)/Developer/Library/Frameworks",
					"$(inherited)",
				);
				GCC_PREPROCESSOR_DEFINITIONS = (
					"DEBUG=1",
					"$(inherited)",
				);
				INFOPLIST_FILE = 5minShowerTests/Info.plist;
				LD_RUNPATH_SEARCH_PATHS = "$(inherited) @executable_path/Frameworks @loader_path/Frameworks";
				PRODUCT_NAME = "$(TARGET_NAME)";
				TEST_HOST = "$(BUILT_PRODUCTS_DIR)/5minShower.app/5minShower";
			};
			name = Debug;
		};
		8F02A2221B5ADF310036CE27 /* Release */ = {
			isa = XCBuildConfiguration;
			buildSettings = {
				BUNDLE_LOADER = "$(TEST_HOST)";
				FRAMEWORK_SEARCH_PATHS = (
					"$(SDKROOT)/Developer/Library/Frameworks",
					"$(inherited)",
				);
				INFOPLIST_FILE = 5minShowerTests/Info.plist;
				LD_RUNPATH_SEARCH_PATHS = "$(inherited) @executable_path/Frameworks @loader_path/Frameworks";
				PRODUCT_NAME = "$(TARGET_NAME)";
				TEST_HOST = "$(BUILT_PRODUCTS_DIR)/5minShower.app/5minShower";
			};
			name = Release;
		};
/* End XCBuildConfiguration section */

/* Begin XCConfigurationList section */
		8F02A1F91B5ADF310036CE27 /* Build configuration list for PBXProject "5minShower" */ = {
			isa = XCConfigurationList;
			buildConfigurations = (
				8F02A21B1B5ADF310036CE27 /* Debug */,
				8F02A21C1B5ADF310036CE27 /* Release */,
			);
			defaultConfigurationIsVisible = 0;
			defaultConfigurationName = Release;
		};
		8F02A21D1B5ADF310036CE27 /* Build configuration list for PBXNativeTarget "5minShower" */ = {
			isa = XCConfigurationList;
			buildConfigurations = (
				8F02A21E1B5ADF310036CE27 /* Debug */,
				8F02A21F1B5ADF310036CE27 /* Release */,
			);
			defaultConfigurationIsVisible = 0;
			defaultConfigurationName = Release;
		};
		8F02A2201B5ADF310036CE27 /* Build configuration list for PBXNativeTarget "5minShowerTests" */ = {
			isa = XCConfigurationList;
			buildConfigurations = (
				8F02A2211B5ADF310036CE27 /* Debug */,
				8F02A2221B5ADF310036CE27 /* Release */,
			);
			defaultConfigurationIsVisible = 0;
			defaultConfigurationName = Release;
		};
/* End XCConfigurationList section */
	};
	rootObject = 8F02A1F61B5ADF310036CE27 /* Project object */;
}
